{
  "originHash" : "4f07a2fdef66339b1aefcf58a10a5dc98301400405390224981aae868b774061",
  "pins" : [
    {
      "identity" : "swift-argument-parser",
      "kind" : "remoteSourceControl",
      "location" : "https://github.com/apple/swift-argument-parser",
      "state" : {
        "revision" : "41982a3656a71c768319979febd796c6fd111d5c",
        "version" : "1.5.0"
      }
    },
    {
      "identity" : "swift-syntax",
      "kind" : "remoteSourceControl",
      "location" : "https://github.com/swiftlang/swift-syntax",
      "state" : {
        "revision" : "0687f71944021d616d34d922343dcef086855920",
        "version" : "600.0.1"
      }
    },
    {
      "identity" : "xcstrings-tool",
      "kind" : "remoteSourceControl",
      "location" : "https://github.com/liamnichols/xcstrings-tool",
      "state" : {
        "revision" : "f8f99ed2f8fd337c6640a1a500ef4eb00cef9bc7",
        "version" : "1.0.0"
      }
    }
  ],
  "version" : 3
}
